{
  "version": 4,
  "terraform_version": "1.10.0",
  "serial": 32,
  "lineage": "045cabcc-b49c-3763-4990-646bbfc4ace9",
  "outputs": {},
  "resources": [
    {
      "mode": "managed",
      "type": "azurerm_mssql_firewall_rule",
      "name": "firewall",
      "provider": "provider[\"registry.terraform.io/hashicorp/azurerm\"]",
      "instances": [
        {
          "schema_version": 0,
          "attributes": {
            "end_ip_address": "0.0.0.0",
            "id": "/subscriptions/35608c6f-b658-452d-be80-131b03c3b89a/resourceGroups/TaskBoardApp-arg-63338/providers/Microsoft.Sql/servers/taskboardmssqlserver/firewallRules/FirewallRule",
            "name": "FirewallRule",
            "server_id": "/subscriptions/35608c6f-b658-452d-be80-131b03c3b89a/resourceGroups/TaskBoardApp-arg-63338/providers/Microsoft.Sql/servers/taskboardmssqlserver",
            "start_ip_address": "0.0.0.0",
            "timeouts": null
          },
          "sensitive_attributes": [],
          "private": "eyJlMmJmYjczMC1lY2FhLTExZTYtOGY4OC0zNDM2M2JjN2M0YzAiOnsiY3JlYXRlIjoxODAwMDAwMDAwMDAwLCJkZWxldGUiOjE4MDAwMDAwMDAwMDAsInJlYWQiOjMwMDAwMDAwMDAwMCwidXBkYXRlIjoxODAwMDAwMDAwMDAwfX0=",
          "dependencies": [
            "azurerm_mssql_server.mssqlserver",
            "azurerm_resource_group.arg",
            "random_integer.ri"
          ]
        }
      ]
    },
    {
      "mode": "managed",
      "type": "azurerm_mssql_server",
      "name": "mssqlserver",
      "provider": "provider[\"registry.terraform.io/hashicorp/azurerm\"]",
      "instances": [
        {
          "schema_version": 0,
          "attributes": {
            "administrator_login": "4dm1n157r470r",
            "administrator_login_password": "4-v3ry-53cr37-p455w0rd",
            "azuread_administrator": [],
            "connection_policy": "Default",
            "fully_qualified_domain_name": "taskboardmssqlserver.database.windows.net",
            "id": "/subscriptions/35608c6f-b658-452d-be80-131b03c3b89a/resourceGroups/TaskBoardApp-arg-63338/providers/Microsoft.Sql/servers/taskboardmssqlserver",
            "identity": [],
            "location": "italynorth",
            "minimum_tls_version": "1.2",
            "name": "taskboardmssqlserver",
            "outbound_network_restriction_enabled": false,
            "primary_user_assigned_identity_id": "",
            "public_network_access_enabled": true,
            "resource_group_name": "TaskBoardApp-arg-63338",
            "restorable_dropped_database_ids": [],
            "tags": null,
            "timeouts": null,
            "transparent_data_encryption_key_vault_key_id": "",
            "version": "12.0"
          },
          "sensitive_attributes": [
            [
              {
                "type": "get_attr",
                "value": "administrator_login_password"
              }
            ]
          ],
          "private": "eyJlMmJmYjczMC1lY2FhLTExZTYtOGY4OC0zNDM2M2JjN2M0YzAiOnsiY3JlYXRlIjozNjAwMDAwMDAwMDAwLCJkZWxldGUiOjM2MDAwMDAwMDAwMDAsInJlYWQiOjMwMDAwMDAwMDAwMCwidXBkYXRlIjozNjAwMDAwMDAwMDAwfX0=",
          "dependencies": [
            "azurerm_resource_group.arg",
            "random_integer.ri"
          ]
        }
      ]
    },
    {
      "mode": "managed",
      "type": "azurerm_resource_group",
      "name": "arg",
      "provider": "provider[\"registry.terraform.io/hashicorp/azurerm\"]",
      "instances": [
        {
          "schema_version": 0,
          "attributes": {
            "id": "/subscriptions/35608c6f-b658-452d-be80-131b03c3b89a/resourceGroups/TaskBoardApp-arg-63338",
            "location": "italynorth",
            "managed_by": "",
            "name": "TaskBoardApp-arg-63338",
            "tags": null,
            "timeouts": null
          },
          "sensitive_attributes": [],
          "private": "eyJlMmJmYjczMC1lY2FhLTExZTYtOGY4OC0zNDM2M2JjN2M0YzAiOnsiY3JlYXRlIjo1NDAwMDAwMDAwMDAwLCJkZWxldGUiOjU0MDAwMDAwMDAwMDAsInJlYWQiOjMwMDAwMDAwMDAwMCwidXBkYXRlIjo1NDAwMDAwMDAwMDAwfX0=",
          "dependencies": [
            "random_integer.ri"
          ]
        }
      ]
    },
    {
      "mode": "managed",
      "type": "azurerm_service_plan",
      "name": "aasp",
      "provider": "provider[\"registry.terraform.io/hashicorp/azurerm\"]",
      "instances": [
        {
          "schema_version": 1,
          "attributes": {
            "app_service_environment_id": "",
            "id": "/subscriptions/35608c6f-b658-452d-be80-131b03c3b89a/resourceGroups/TaskBoardApp-arg-63338/providers/Microsoft.Web/serverFarms/TaskBoardApp-aasp-63338",
            "kind": "linux",
            "location": "italynorth",
            "maximum_elastic_worker_count": 1,
            "name": "TaskBoardApp-aasp-63338",
            "os_type": "Linux",
            "per_site_scaling_enabled": false,
            "reserved": true,
            "resource_group_name": "TaskBoardApp-arg-63338",
            "sku_name": "F1",
            "tags": null,
            "timeouts": null,
            "worker_count": 1,
            "zone_balancing_enabled": false
          },
          "sensitive_attributes": [],
          "private": "eyJlMmJmYjczMC1lY2FhLTExZTYtOGY4OC0zNDM2M2JjN2M0YzAiOnsiY3JlYXRlIjozNjAwMDAwMDAwMDAwLCJkZWxldGUiOjM2MDAwMDAwMDAwMDAsInJlYWQiOjMwMDAwMDAwMDAwMCwidXBkYXRlIjozNjAwMDAwMDAwMDAwfSwic2NoZW1hX3ZlcnNpb24iOiIxIn0=",
          "dependencies": [
            "azurerm_resource_group.arg",
            "random_integer.ri"
          ]
        }
      ]
    },
    {
      "mode": "managed",
      "type": "random_integer",
      "name": "ri",
      "provider": "provider[\"registry.terraform.io/hashicorp/random\"]",
      "instances": [
        {
          "schema_version": 0,
          "attributes": {
            "id": "63338",
            "keepers": null,
            "max": 99999,
            "min": 10000,
            "result": 63338,
            "seed": null
          },
          "sensitive_attributes": []
        }
      ]
    }
  ],
  "check_results": null
}
