{
  "version": 4,
  "terraform_version": "1.10.0",
  "serial": 5,
  "lineage": "045cabcc-b49c-3763-4990-646bbfc4ace9",
  "outputs": {},
  "resources": [
    {
      "mode": "managed",
      "type": "azurerm_linux_web_app",
      "name": "alwa",
      "provider": "provider[\"registry.terraform.io/hashicorp/azurerm\"]",
      "instances": [
        {
          "schema_version": 1,
          "attributes": {
            "app_settings": null,
            "auth_settings": [],
            "auth_settings_v2": [],
            "backup": [],
            "client_affinity_enabled": false,
            "client_certificate_enabled": false,
            "client_certificate_exclusion_paths": "",
            "client_certificate_mode": "Required",
            "connection_string": [],
            "custom_domain_verification_id": "A63E0BD6FE5D6E64F53CA78F25284D0914F48DFF81D1EF5B6E80F12AF9652551",
            "default_hostname": "taskboardapp-alwa-92785.azurewebsites.net",
            "enabled": true,
            "ftp_publish_basic_authentication_enabled": true,
            "hosting_environment_id": "",
            "https_only": false,
            "id": "/subscriptions/35608c6f-b658-452d-be80-131b03c3b89a/resourceGroups/TaskBoardApp-arg-92785/providers/Microsoft.Web/sites/TaskBoardApp-alwa-92785",
            "identity": [],
            "key_vault_reference_identity_id": "SystemAssigned",
            "kind": "app,linux",
            "location": "westeurope",
            "logs": [],
            "name": "TaskBoardApp-alwa-92785",
            "outbound_ip_address_list": [
              "20.31.95.211",
              "20.238.136.106",
              "20.238.136.237",
              "20.8.50.219",
              "20.8.51.116",
              "20.8.52.70",
              "20.76.185.156",
              "20.76.187.228",
              "20.93.208.207",
              "20.93.210.67",
              "20.93.211.114",
              "20.93.211.249",
              "20.105.216.39"
            ],
            "outbound_ip_addresses": "20.31.95.211,20.238.136.106,20.238.136.237,20.8.50.219,20.8.51.116,20.8.52.70,20.76.185.156,20.76.187.228,20.93.208.207,20.93.210.67,20.93.211.114,20.93.211.249,20.105.216.39",
            "possible_outbound_ip_address_list": [
              "20.31.95.211",
              "20.238.136.106",
              "20.238.136.237",
              "20.8.50.219",
              "20.8.51.116",
              "20.8.52.70",
              "20.76.185.156",
              "20.76.187.228",
              "20.93.208.207",
              "20.93.210.67",
              "20.93.211.114",
              "20.93.211.249",
              "20.103.161.67",
              "20.103.162.190",
              "20.103.163.117",
              "20.103.165.22",
              "20.103.166.176",
              "20.126.168.96",
              "20.126.170.52",
              "20.126.171.1",
              "20.126.171.9",
              "20.126.173.78",
              "20.31.88.101",
              "20.31.92.162",
              "20.8.54.18",
              "4.175.160.191",
              "4.175.161.56",
              "4.175.161.185",
              "4.175.161.204",
              "4.175.161.220",
              "20.105.216.39"
            ],
            "possible_outbound_ip_addresses": "20.31.95.211,20.238.136.106,20.238.136.237,20.8.50.219,20.8.51.116,20.8.52.70,20.76.185.156,20.76.187.228,20.93.208.207,20.93.210.67,20.93.211.114,20.93.211.249,20.103.161.67,20.103.162.190,20.103.163.117,20.103.165.22,20.103.166.176,20.126.168.96,20.126.170.52,20.126.171.1,20.126.171.9,20.126.173.78,20.31.88.101,20.31.92.162,20.8.54.18,4.175.160.191,4.175.161.56,4.175.161.185,4.175.161.204,4.175.161.220,20.105.216.39",
            "public_network_access_enabled": true,
            "resource_group_name": "TaskBoardApp-arg-92785",
            "service_plan_id": "/subscriptions/35608c6f-b658-452d-be80-131b03c3b89a/resourceGroups/TaskBoardApp-arg-92785/providers/Microsoft.Web/serverFarms/TaskBoardApp-aasp-92785",
            "site_config": [
              {
                "always_on": false,
                "api_definition_url": "",
                "api_management_api_id": "",
                "app_command_line": "",
                "application_stack": [
                  {
                    "docker_image_name": "",
                    "docker_registry_password": "",
                    "docker_registry_url": "",
                    "docker_registry_username": "",
                    "dotnet_version": "6.0",
                    "go_version": "",
                    "java_server": "",
                    "java_server_version": "",
                    "java_version": "",
                    "node_version": "",
                    "php_version": "",
                    "python_version": "",
                    "ruby_version": ""
                  }
                ],
                "auto_heal_setting": [],
                "container_registry_managed_identity_client_id": "",
                "container_registry_use_managed_identity": false,
                "cors": [],
                "default_documents": [
                  "Default.htm",
                  "Default.html",
                  "Default.asp",
                  "index.htm",
                  "index.html",
                  "iisstart.htm",
                  "default.aspx",
                  "index.php",
                  "hostingstart.html"
                ],
                "detailed_error_logging_enabled": false,
                "ftps_state": "Disabled",
                "health_check_eviction_time_in_min": 0,
                "health_check_path": "",
                "http2_enabled": false,
                "ip_restriction": [],
                "ip_restriction_default_action": "Allow",
                "linux_fx_version": "DOTNETCORE|6.0",
                "load_balancing_mode": "LeastRequests",
                "local_mysql_enabled": false,
                "managed_pipeline_mode": "Integrated",
                "minimum_tls_version": "1.2",
                "remote_debugging_enabled": false,
                "remote_debugging_version": "VS2022",
                "scm_ip_restriction": [],
                "scm_ip_restriction_default_action": "Allow",
                "scm_minimum_tls_version": "1.2",
                "scm_type": "None",
                "scm_use_main_ip_restriction": false,
                "use_32_bit_worker": true,
                "vnet_route_all_enabled": false,
                "websockets_enabled": false,
                "worker_count": 1
              }
            ],
            "site_credential": [
              {
                "name": "$TaskBoardApp-alwa-92785",
                "password": "AZcuoXn8toiFkKMCkEvrcr6AdjmMr1AJ0WuNQ7Ezqvi8RP5cJnzXChgGjDRi"
              }
            ],
            "sticky_settings": [],
            "storage_account": [],
            "tags": null,
            "timeouts": null,
            "virtual_network_subnet_id": "",
            "webdeploy_publish_basic_authentication_enabled": true,
            "zip_deploy_file": ""
          },
          "sensitive_attributes": [
            [
              {
                "type": "get_attr",
                "value": "site_credential"
              }
            ],
            [
              {
                "type": "get_attr",
                "value": "custom_domain_verification_id"
              }
            ],
            [
              {
                "type": "get_attr",
                "value": "site_config"
              },
              {
                "type": "index",
                "value": {
                  "value": 0,
                  "type": "number"
                }
              },
              {
                "type": "get_attr",
                "value": "application_stack"
              },
              {
                "type": "index",
                "value": {
                  "value": 0,
                  "type": "number"
                }
              },
              {
                "type": "get_attr",
                "value": "docker_registry_password"
              }
            ]
          ],
          "private": "eyJlMmJmYjczMC1lY2FhLTExZTYtOGY4OC0zNDM2M2JjN2M0YzAiOnsiY3JlYXRlIjoxODAwMDAwMDAwMDAwLCJkZWxldGUiOjE4MDAwMDAwMDAwMDAsInJlYWQiOjMwMDAwMDAwMDAwMCwidXBkYXRlIjoxODAwMDAwMDAwMDAwfSwic2NoZW1hX3ZlcnNpb24iOiIxIn0=",
          "dependencies": [
            "azurerm_resource_group.arg",
            "azurerm_service_plan.aasp",
            "random_integer.ri"
          ]
        }
      ]
    },
    {
      "mode": "managed",
      "type": "azurerm_resource_group",
      "name": "arg",
      "provider": "provider[\"registry.terraform.io/hashicorp/azurerm\"]",
      "instances": [
        {
          "schema_version": 0,
          "attributes": {
            "id": "/subscriptions/35608c6f-b658-452d-be80-131b03c3b89a/resourceGroups/TaskBoardApp-arg-92785",
            "location": "westeurope",
            "managed_by": "",
            "name": "TaskBoardApp-arg-92785",
            "tags": null,
            "timeouts": null
          },
          "sensitive_attributes": [],
          "private": "eyJlMmJmYjczMC1lY2FhLTExZTYtOGY4OC0zNDM2M2JjN2M0YzAiOnsiY3JlYXRlIjo1NDAwMDAwMDAwMDAwLCJkZWxldGUiOjU0MDAwMDAwMDAwMDAsInJlYWQiOjMwMDAwMDAwMDAwMCwidXBkYXRlIjo1NDAwMDAwMDAwMDAwfX0=",
          "dependencies": [
            "random_integer.ri"
          ]
        }
      ]
    },
    {
      "mode": "managed",
      "type": "azurerm_service_plan",
      "name": "aasp",
      "provider": "provider[\"registry.terraform.io/hashicorp/azurerm\"]",
      "instances": [
        {
          "schema_version": 1,
          "attributes": {
            "app_service_environment_id": "",
            "id": "/subscriptions/35608c6f-b658-452d-be80-131b03c3b89a/resourceGroups/TaskBoardApp-arg-92785/providers/Microsoft.Web/serverFarms/TaskBoardApp-aasp-92785",
            "kind": "linux",
            "location": "westeurope",
            "maximum_elastic_worker_count": 1,
            "name": "TaskBoardApp-aasp-92785",
            "os_type": "Linux",
            "per_site_scaling_enabled": false,
            "reserved": true,
            "resource_group_name": "TaskBoardApp-arg-92785",
            "sku_name": "F1",
            "tags": null,
            "timeouts": null,
            "worker_count": 1,
            "zone_balancing_enabled": false
          },
          "sensitive_attributes": [],
          "private": "eyJlMmJmYjczMC1lY2FhLTExZTYtOGY4OC0zNDM2M2JjN2M0YzAiOnsiY3JlYXRlIjozNjAwMDAwMDAwMDAwLCJkZWxldGUiOjM2MDAwMDAwMDAwMDAsInJlYWQiOjMwMDAwMDAwMDAwMCwidXBkYXRlIjozNjAwMDAwMDAwMDAwfSwic2NoZW1hX3ZlcnNpb24iOiIxIn0=",
          "dependencies": [
            "azurerm_resource_group.arg",
            "random_integer.ri"
          ]
        }
      ]
    },
    {
      "mode": "managed",
      "type": "random_integer",
      "name": "ri",
      "provider": "provider[\"registry.terraform.io/hashicorp/random\"]",
      "instances": [
        {
          "schema_version": 0,
          "attributes": {
            "id": "92785",
            "keepers": null,
            "max": 99999,
            "min": 10000,
            "result": 92785,
            "seed": null
          },
          "sensitive_attributes": []
        }
      ]
    }
  ],
  "check_results": null
}
