{
  "version": 4,
  "terraform_version": "1.10.0",
  "serial": 13,
  "lineage": "9938e11f-12ca-7ddb-da24-901f97754021",
  "outputs": {},
  "resources": [
    {
      "mode": "managed",
      "type": "azurerm_app_service_source_control",
      "name": "example",
      "provider": "provider[\"registry.terraform.io/hashicorp/azurerm\"]",
      "instances": [
        {
          "schema_version": 0,
          "attributes": {
            "app_id": "/subscriptions/35608c6f-b658-452d-be80-131b03c3b89a/resourceGroups/ContactsBook-arg-20299/providers/Microsoft.Web/sites/ContactsBook-alwa-20299",
            "branch": "master",
            "github_action_configuration": [],
            "id": "/subscriptions/35608c6f-b658-452d-be80-131b03c3b89a/resourceGroups/ContactsBook-arg-20299/providers/Microsoft.Web/sites/ContactsBook-alwa-20299",
            "repo_url": "https://github.com/nakov/ContactBook",
            "rollback_enabled": false,
            "scm_type": "ExternalGit",
            "timeouts": null,
            "use_local_git": false,
            "use_manual_integration": true,
            "use_mercurial": false,
            "uses_github_action": false
          },
          "sensitive_attributes": [],
          "private": "eyJlMmJmYjczMC1lY2FhLTExZTYtOGY4OC0zNDM2M2JjN2M0YzAiOnsiY3JlYXRlIjoxODAwMDAwMDAwMDAwLCJkZWxldGUiOjE4MDAwMDAwMDAwMDAsInJlYWQiOjMwMDAwMDAwMDAwMH19",
          "dependencies": [
            "azurerm_linux_web_app.alwa",
            "azurerm_resource_group.arg",
            "azurerm_service_plan.aasp",
            "random_integer.ri"
          ]
        }
      ]
    },
    {
      "mode": "managed",
      "type": "azurerm_linux_web_app",
      "name": "alwa",
      "provider": "provider[\"registry.terraform.io/hashicorp/azurerm\"]",
      "instances": [
        {
          "schema_version": 1,
          "attributes": {
            "app_settings": null,
            "auth_settings": [],
            "auth_settings_v2": [],
            "backup": [],
            "client_affinity_enabled": false,
            "client_certificate_enabled": false,
            "client_certificate_exclusion_paths": "",
            "client_certificate_mode": "Required",
            "connection_string": [],
            "custom_domain_verification_id": "A63E0BD6FE5D6E64F53CA78F25284D0914F48DFF81D1EF5B6E80F12AF9652551",
            "default_hostname": "contactsbook-alwa-20299.azurewebsites.net",
            "enabled": true,
            "ftp_publish_basic_authentication_enabled": true,
            "hosting_environment_id": "",
            "https_only": false,
            "id": "/subscriptions/35608c6f-b658-452d-be80-131b03c3b89a/resourceGroups/ContactsBook-arg-20299/providers/Microsoft.Web/sites/ContactsBook-alwa-20299",
            "identity": [],
            "key_vault_reference_identity_id": "SystemAssigned",
            "kind": "app,linux",
            "location": "westeurope",
            "logs": [],
            "name": "ContactsBook-alwa-20299",
            "outbound_ip_address_list": [
              "104.45.2.57",
              "137.117.162.115",
              "51.145.157.213",
              "40.114.230.242",
              "13.69.68.11"
            ],
            "outbound_ip_addresses": "104.45.2.57,137.117.162.115,51.145.157.213,40.114.230.242,13.69.68.11",
            "possible_outbound_ip_address_list": [
              "104.45.2.57",
              "137.117.162.115",
              "51.145.157.213",
              "40.114.230.242",
              "137.117.211.198",
              "13.80.131.89",
              "137.117.173.224",
              "13.94.133.227",
              "40.115.15.39",
              "52.236.152.212",
              "52.236.153.9",
              "52.236.153.56",
              "52.236.153.72",
              "20.23.30.222",
              "20.31.208.194",
              "20.103.110.94",
              "20.103.110.97",
              "20.103.110.138",
              "20.103.110.150",
              "20.103.110.171",
              "20.103.110.243",
              "13.69.68.11"
            ],
            "possible_outbound_ip_addresses": "104.45.2.57,137.117.162.115,51.145.157.213,40.114.230.242,137.117.211.198,13.80.131.89,137.117.173.224,13.94.133.227,40.115.15.39,52.236.152.212,52.236.153.9,52.236.153.56,52.236.153.72,20.23.30.222,20.31.208.194,20.103.110.94,20.103.110.97,20.103.110.138,20.103.110.150,20.103.110.171,20.103.110.243,13.69.68.11",
            "public_network_access_enabled": true,
            "resource_group_name": "ContactsBook-arg-20299",
            "service_plan_id": "/subscriptions/35608c6f-b658-452d-be80-131b03c3b89a/resourceGroups/ContactsBook-arg-20299/providers/Microsoft.Web/serverFarms/ContactsBook-aasp-20299",
            "site_config": [
              {
                "always_on": false,
                "api_definition_url": "",
                "api_management_api_id": "",
                "app_command_line": "",
                "application_stack": [
                  {
                    "docker_image_name": "",
                    "docker_registry_password": "",
                    "docker_registry_url": "",
                    "docker_registry_username": "",
                    "dotnet_version": "",
                    "go_version": "",
                    "java_server": "",
                    "java_server_version": "",
                    "java_version": "",
                    "node_version": "16-lts",
                    "php_version": "",
                    "python_version": "",
                    "ruby_version": ""
                  }
                ],
                "auto_heal_setting": [],
                "container_registry_managed_identity_client_id": "",
                "container_registry_use_managed_identity": false,
                "cors": [],
                "default_documents": [
                  "Default.htm",
                  "Default.html",
                  "Default.asp",
                  "index.htm",
                  "index.html",
                  "iisstart.htm",
                  "default.aspx",
                  "index.php",
                  "hostingstart.html"
                ],
                "detailed_error_logging_enabled": false,
                "ftps_state": "Disabled",
                "health_check_eviction_time_in_min": 0,
                "health_check_path": "",
                "http2_enabled": false,
                "ip_restriction": [],
                "ip_restriction_default_action": "Allow",
                "linux_fx_version": "NODE|16-lts",
                "load_balancing_mode": "LeastRequests",
                "local_mysql_enabled": false,
                "managed_pipeline_mode": "Integrated",
                "minimum_tls_version": "1.2",
                "remote_debugging_enabled": false,
                "remote_debugging_version": "VS2022",
                "scm_ip_restriction": [],
                "scm_ip_restriction_default_action": "Allow",
                "scm_minimum_tls_version": "1.2",
                "scm_type": "None",
                "scm_use_main_ip_restriction": false,
                "use_32_bit_worker": true,
                "vnet_route_all_enabled": false,
                "websockets_enabled": false,
                "worker_count": 1
              }
            ],
            "site_credential": [
              {
                "name": "$ContactsBook-alwa-20299",
                "password": "9vCR2AnPa9sw76LnbGY4Q3B9iYasnrfbJCPDdGqshlG1qN2CamzMGTi9eFSn"
              }
            ],
            "sticky_settings": [],
            "storage_account": [],
            "tags": null,
            "timeouts": null,
            "virtual_network_subnet_id": "",
            "webdeploy_publish_basic_authentication_enabled": true,
            "zip_deploy_file": ""
          },
          "sensitive_attributes": [
            [
              {
                "type": "get_attr",
                "value": "site_credential"
              }
            ],
            [
              {
                "type": "get_attr",
                "value": "custom_domain_verification_id"
              }
            ],
            [
              {
                "type": "get_attr",
                "value": "site_config"
              },
              {
                "type": "index",
                "value": {
                  "value": 0,
                  "type": "number"
                }
              },
              {
                "type": "get_attr",
                "value": "application_stack"
              },
              {
                "type": "index",
                "value": {
                  "value": 0,
                  "type": "number"
                }
              },
              {
                "type": "get_attr",
                "value": "docker_registry_password"
              }
            ]
          ],
          "private": "eyJlMmJmYjczMC1lY2FhLTExZTYtOGY4OC0zNDM2M2JjN2M0YzAiOnsiY3JlYXRlIjoxODAwMDAwMDAwMDAwLCJkZWxldGUiOjE4MDAwMDAwMDAwMDAsInJlYWQiOjMwMDAwMDAwMDAwMCwidXBkYXRlIjoxODAwMDAwMDAwMDAwfSwic2NoZW1hX3ZlcnNpb24iOiIxIn0=",
          "dependencies": [
            "azurerm_resource_group.arg",
            "azurerm_service_plan.aasp",
            "random_integer.ri"
          ]
        }
      ]
    },
    {
      "mode": "managed",
      "type": "azurerm_resource_group",
      "name": "arg",
      "provider": "provider[\"registry.terraform.io/hashicorp/azurerm\"]",
      "instances": [
        {
          "schema_version": 0,
          "attributes": {
            "id": "/subscriptions/35608c6f-b658-452d-be80-131b03c3b89a/resourceGroups/ContactsBook-arg-20299",
            "location": "westeurope",
            "managed_by": "",
            "name": "ContactsBook-arg-20299",
            "tags": null,
            "timeouts": null
          },
          "sensitive_attributes": [],
          "private": "eyJlMmJmYjczMC1lY2FhLTExZTYtOGY4OC0zNDM2M2JjN2M0YzAiOnsiY3JlYXRlIjo1NDAwMDAwMDAwMDAwLCJkZWxldGUiOjU0MDAwMDAwMDAwMDAsInJlYWQiOjMwMDAwMDAwMDAwMCwidXBkYXRlIjo1NDAwMDAwMDAwMDAwfX0=",
          "dependencies": [
            "random_integer.ri"
          ]
        }
      ]
    },
    {
      "mode": "managed",
      "type": "azurerm_service_plan",
      "name": "aasp",
      "provider": "provider[\"registry.terraform.io/hashicorp/azurerm\"]",
      "instances": [
        {
          "schema_version": 1,
          "attributes": {
            "app_service_environment_id": "",
            "id": "/subscriptions/35608c6f-b658-452d-be80-131b03c3b89a/resourceGroups/ContactsBook-arg-20299/providers/Microsoft.Web/serverFarms/ContactsBook-aasp-20299",
            "kind": "linux",
            "location": "westeurope",
            "maximum_elastic_worker_count": 1,
            "name": "ContactsBook-aasp-20299",
            "os_type": "Linux",
            "per_site_scaling_enabled": false,
            "reserved": true,
            "resource_group_name": "ContactsBook-arg-20299",
            "sku_name": "F1",
            "tags": null,
            "timeouts": null,
            "worker_count": 1,
            "zone_balancing_enabled": false
          },
          "sensitive_attributes": [],
          "private": "eyJlMmJmYjczMC1lY2FhLTExZTYtOGY4OC0zNDM2M2JjN2M0YzAiOnsiY3JlYXRlIjozNjAwMDAwMDAwMDAwLCJkZWxldGUiOjM2MDAwMDAwMDAwMDAsInJlYWQiOjMwMDAwMDAwMDAwMCwidXBkYXRlIjozNjAwMDAwMDAwMDAwfSwic2NoZW1hX3ZlcnNpb24iOiIxIn0=",
          "dependencies": [
            "azurerm_resource_group.arg",
            "random_integer.ri"
          ]
        }
      ]
    },
    {
      "mode": "managed",
      "type": "random_integer",
      "name": "ri",
      "provider": "provider[\"registry.terraform.io/hashicorp/random\"]",
      "instances": [
        {
          "schema_version": 0,
          "attributes": {
            "id": "20299",
            "keepers": null,
            "max": 99999,
            "min": 10000,
            "result": 20299,
            "seed": null
          },
          "sensitive_attributes": []
        }
      ]
    }
  ],
  "check_results": null
}
