{
  "version": 4,
  "terraform_version": "1.10.0",
  "serial": 15,
  "lineage": "d9df19be-8297-fb4f-4daf-9dbc0b04c26c",
  "outputs": {
    "webapp_ips": {
      "value": "13.69.142.133,40.85.112.57,40.85.116.105,40.85.116.146,13.69.228.3",
      "type": "string"
    },
    "webappurl": {
      "value": "taskboardapp-1-45450.azurewebsites.net",
      "type": "string"
    }
  },
  "resources": [
    {
      "mode": "managed",
      "type": "azurerm_app_service_source_control",
      "name": "github",
      "provider": "provider[\"registry.terraform.io/hashicorp/azurerm\"]",
      "instances": [
        {
          "schema_version": 0,
          "attributes": {
            "app_id": "/subscriptions/35608c6f-b658-452d-be80-131b03c3b89a/resourceGroups/TaskBoardApp-rg-1-45450/providers/Microsoft.Web/sites/TaskBoardApp-1-45450",
            "branch": "main",
            "github_action_configuration": [],
            "id": "/subscriptions/35608c6f-b658-452d-be80-131b03c3b89a/resourceGroups/TaskBoardApp-rg-1-45450/providers/Microsoft.Web/sites/TaskBoardApp-1-45450",
            "repo_url": "https://github.com/dimosoftuni/Azure-Web-App-with-Database-TaskBoard",
            "rollback_enabled": false,
            "scm_type": "ExternalGit",
            "timeouts": null,
            "use_local_git": false,
            "use_manual_integration": true,
            "use_mercurial": false,
            "uses_github_action": false
          },
          "sensitive_attributes": [],
          "private": "eyJlMmJmYjczMC1lY2FhLTExZTYtOGY4OC0zNDM2M2JjN2M0YzAiOnsiY3JlYXRlIjoxODAwMDAwMDAwMDAwLCJkZWxldGUiOjE4MDAwMDAwMDAwMDAsInJlYWQiOjMwMDAwMDAwMDAwMH19",
          "dependencies": [
            "azurerm_linux_web_app.alwa",
            "azurerm_mssql_database.mssqldatabase",
            "azurerm_mssql_server.mssqlserver",
            "azurerm_resource_group.arg",
            "azurerm_service_plan.aasp",
            "random_integer.ri"
          ]
        }
      ]
    },
    {
      "mode": "managed",
      "type": "azurerm_linux_web_app",
      "name": "alwa",
      "provider": "provider[\"registry.terraform.io/hashicorp/azurerm\"]",
      "instances": [
        {
          "schema_version": 1,
          "attributes": {
            "app_settings": null,
            "auth_settings": [],
            "auth_settings_v2": [],
            "backup": [],
            "client_affinity_enabled": false,
            "client_certificate_enabled": false,
            "client_certificate_exclusion_paths": "",
            "client_certificate_mode": "Required",
            "connection_string": [
              {
                "name": "DefaultConnection",
                "type": "SQLAzure",
                "value": "Data Source=tcp:taskboardmssqlserver-1.database.windows.net,1433;Initial Catalog=taskboard-db-1;User ID=4dm1n157r470r;Password=4-v3ry-53cr37-p455w0rd;Trusted_Connection=False; MultipleActiveResultSets=True;"
              }
            ],
            "custom_domain_verification_id": "A63E0BD6FE5D6E64F53CA78F25284D0914F48DFF81D1EF5B6E80F12AF9652551",
            "default_hostname": "taskboardapp-1-45450.azurewebsites.net",
            "enabled": true,
            "ftp_publish_basic_authentication_enabled": true,
            "hosting_environment_id": "",
            "https_only": false,
            "id": "/subscriptions/35608c6f-b658-452d-be80-131b03c3b89a/resourceGroups/TaskBoardApp-rg-1-45450/providers/Microsoft.Web/sites/TaskBoardApp-1-45450",
            "identity": [],
            "key_vault_reference_identity_id": "SystemAssigned",
            "kind": "app,linux",
            "location": "northeurope",
            "logs": [],
            "name": "TaskBoardApp-1-45450",
            "outbound_ip_address_list": [
              "13.69.142.133",
              "40.85.112.57",
              "40.85.116.105",
              "40.85.116.146",
              "13.69.228.3"
            ],
            "outbound_ip_addresses": "13.69.142.133,40.85.112.57,40.85.116.105,40.85.116.146,13.69.228.3",
            "possible_outbound_ip_address_list": [
              "13.69.142.133",
              "40.85.112.57",
              "40.85.116.105",
              "40.85.116.146",
              "40.85.113.221",
              "40.85.112.52",
              "40.85.113.217",
              "40.85.112.60",
              "13.69.142.142",
              "20.123.119.51",
              "20.123.119.132",
              "20.223.40.190",
              "20.223.41.129",
              "20.223.41.132",
              "20.223.41.151",
              "20.223.41.196",
              "20.223.44.12",
              "20.223.44.227",
              "20.223.44.250",
              "20.223.45.194",
              "20.223.45.199",
              "13.69.228.3"
            ],
            "possible_outbound_ip_addresses": "13.69.142.133,40.85.112.57,40.85.116.105,40.85.116.146,40.85.113.221,40.85.112.52,40.85.113.217,40.85.112.60,13.69.142.142,20.123.119.51,20.123.119.132,20.223.40.190,20.223.41.129,20.223.41.132,20.223.41.151,20.223.41.196,20.223.44.12,20.223.44.227,20.223.44.250,20.223.45.194,20.223.45.199,13.69.228.3",
            "public_network_access_enabled": true,
            "resource_group_name": "TaskBoardApp-rg-1-45450",
            "service_plan_id": "/subscriptions/35608c6f-b658-452d-be80-131b03c3b89a/resourceGroups/TaskBoardApp-rg-1-45450/providers/Microsoft.Web/serverFarms/TaskBoardApp-sp-1-45450",
            "site_config": [
              {
                "always_on": false,
                "api_definition_url": "",
                "api_management_api_id": "",
                "app_command_line": "",
                "application_stack": [
                  {
                    "docker_image_name": "",
                    "docker_registry_password": "",
                    "docker_registry_url": "",
                    "docker_registry_username": "",
                    "dotnet_version": "6.0",
                    "go_version": "",
                    "java_server": "",
                    "java_server_version": "",
                    "java_version": "",
                    "node_version": "",
                    "php_version": "",
                    "python_version": "",
                    "ruby_version": ""
                  }
                ],
                "auto_heal_setting": [],
                "container_registry_managed_identity_client_id": "",
                "container_registry_use_managed_identity": false,
                "cors": [],
                "default_documents": [
                  "Default.htm",
                  "Default.html",
                  "Default.asp",
                  "index.htm",
                  "index.html",
                  "iisstart.htm",
                  "default.aspx",
                  "index.php",
                  "hostingstart.html"
                ],
                "detailed_error_logging_enabled": false,
                "ftps_state": "Disabled",
                "health_check_eviction_time_in_min": 0,
                "health_check_path": "",
                "http2_enabled": false,
                "ip_restriction": [],
                "ip_restriction_default_action": "Allow",
                "linux_fx_version": "DOTNETCORE|6.0",
                "load_balancing_mode": "LeastRequests",
                "local_mysql_enabled": false,
                "managed_pipeline_mode": "Integrated",
                "minimum_tls_version": "1.2",
                "remote_debugging_enabled": false,
                "remote_debugging_version": "VS2022",
                "scm_ip_restriction": [],
                "scm_ip_restriction_default_action": "Allow",
                "scm_minimum_tls_version": "1.2",
                "scm_type": "None",
                "scm_use_main_ip_restriction": false,
                "use_32_bit_worker": true,
                "vnet_route_all_enabled": false,
                "websockets_enabled": false,
                "worker_count": 1
              }
            ],
            "site_credential": [
              {
                "name": "$TaskBoardApp-1-45450",
                "password": "uyzS2S25xGxTcQN7WmjzuaMQkmacdhwTXiR6hWAWn6rCCi5NLB65L7S91Qoc"
              }
            ],
            "sticky_settings": [],
            "storage_account": [],
            "tags": null,
            "timeouts": null,
            "virtual_network_subnet_id": "",
            "webdeploy_publish_basic_authentication_enabled": true,
            "zip_deploy_file": ""
          },
          "sensitive_attributes": [
            [
              {
                "type": "get_attr",
                "value": "connection_string"
              }
            ],
            [
              {
                "type": "get_attr",
                "value": "site_credential"
              }
            ],
            [
              {
                "type": "get_attr",
                "value": "site_config"
              },
              {
                "type": "index",
                "value": {
                  "value": 0,
                  "type": "number"
                }
              },
              {
                "type": "get_attr",
                "value": "application_stack"
              },
              {
                "type": "index",
                "value": {
                  "value": 0,
                  "type": "number"
                }
              },
              {
                "type": "get_attr",
                "value": "docker_registry_password"
              }
            ],
            [
              {
                "type": "get_attr",
                "value": "custom_domain_verification_id"
              }
            ]
          ],
          "private": "eyJlMmJmYjczMC1lY2FhLTExZTYtOGY4OC0zNDM2M2JjN2M0YzAiOnsiY3JlYXRlIjoxODAwMDAwMDAwMDAwLCJkZWxldGUiOjE4MDAwMDAwMDAwMDAsInJlYWQiOjMwMDAwMDAwMDAwMCwidXBkYXRlIjoxODAwMDAwMDAwMDAwfSwic2NoZW1hX3ZlcnNpb24iOiIxIn0=",
          "dependencies": [
            "azurerm_mssql_database.mssqldatabase",
            "azurerm_mssql_server.mssqlserver",
            "azurerm_resource_group.arg",
            "azurerm_service_plan.aasp",
            "random_integer.ri"
          ]
        }
      ]
    },
    {
      "mode": "managed",
      "type": "azurerm_mssql_database",
      "name": "mssqldatabase",
      "provider": "provider[\"registry.terraform.io/hashicorp/azurerm\"]",
      "instances": [
        {
          "schema_version": 1,
          "attributes": {
            "auto_pause_delay_in_minutes": 0,
            "collation": "SQL_Latin1_General_CP1_CI_AS",
            "create_mode": "Default",
            "creation_source_database_id": null,
            "elastic_pool_id": "",
            "enclave_type": "",
            "geo_backup_enabled": true,
            "id": "/subscriptions/35608c6f-b658-452d-be80-131b03c3b89a/resourceGroups/TaskBoardApp-rg-1-45450/providers/Microsoft.Sql/servers/taskboardmssqlserver-1/databases/taskboard-db-1",
            "identity": [],
            "import": [],
            "ledger_enabled": false,
            "license_type": "LicenseIncluded",
            "long_term_retention_policy": [
              {
                "immutable_backups_enabled": false,
                "monthly_retention": "PT0S",
                "week_of_year": 1,
                "weekly_retention": "PT0S",
                "yearly_retention": "PT0S"
              }
            ],
            "maintenance_configuration_name": "SQL_Default",
            "max_size_gb": 2,
            "min_capacity": 0,
            "name": "taskboard-db-1",
            "read_replica_count": 0,
            "read_scale": false,
            "recover_database_id": null,
            "recovery_point_id": null,
            "restore_dropped_database_id": null,
            "restore_long_term_retention_backup_id": null,
            "restore_point_in_time": null,
            "sample_name": null,
            "secondary_type": "",
            "server_id": "/subscriptions/35608c6f-b658-452d-be80-131b03c3b89a/resourceGroups/TaskBoardApp-rg-1-45450/providers/Microsoft.Sql/servers/taskboardmssqlserver-1",
            "short_term_retention_policy": [
              {
                "backup_interval_in_hours": 24,
                "retention_days": 7
              }
            ],
            "sku_name": "S0",
            "storage_account_type": "Geo",
            "tags": null,
            "threat_detection_policy": [
              {
                "disabled_alerts": [],
                "email_account_admins": "Disabled",
                "email_addresses": [],
                "retention_days": 0,
                "state": "Disabled",
                "storage_account_access_key": "",
                "storage_endpoint": ""
              }
            ],
            "timeouts": null,
            "transparent_data_encryption_enabled": true,
            "transparent_data_encryption_key_automatic_rotation_enabled": false,
            "transparent_data_encryption_key_vault_key_id": "",
            "zone_redundant": false
          },
          "sensitive_attributes": [
            [
              {
                "type": "get_attr",
                "value": "threat_detection_policy"
              },
              {
                "type": "index",
                "value": {
                  "value": 0,
                  "type": "number"
                }
              },
              {
                "type": "get_attr",
                "value": "storage_account_access_key"
              }
            ]
          ],
          "private": "eyJlMmJmYjczMC1lY2FhLTExZTYtOGY4OC0zNDM2M2JjN2M0YzAiOnsiY3JlYXRlIjozNjAwMDAwMDAwMDAwLCJkZWxldGUiOjM2MDAwMDAwMDAwMDAsInJlYWQiOjMwMDAwMDAwMDAwMCwidXBkYXRlIjozNjAwMDAwMDAwMDAwfSwic2NoZW1hX3ZlcnNpb24iOiIxIn0=",
          "dependencies": [
            "azurerm_mssql_server.mssqlserver",
            "azurerm_resource_group.arg",
            "random_integer.ri"
          ]
        }
      ]
    },
    {
      "mode": "managed",
      "type": "azurerm_mssql_firewall_rule",
      "name": "firewall",
      "provider": "provider[\"registry.terraform.io/hashicorp/azurerm\"]",
      "instances": [
        {
          "schema_version": 0,
          "attributes": {
            "end_ip_address": "0.0.0.0",
            "id": "/subscriptions/35608c6f-b658-452d-be80-131b03c3b89a/resourceGroups/TaskBoardApp-rg-1-45450/providers/Microsoft.Sql/servers/taskboardmssqlserver-1/firewallRules/AllowAllWindowsAzureIps",
            "name": "AllowAllWindowsAzureIps",
            "server_id": "/subscriptions/35608c6f-b658-452d-be80-131b03c3b89a/resourceGroups/TaskBoardApp-rg-1-45450/providers/Microsoft.Sql/servers/taskboardmssqlserver-1",
            "start_ip_address": "0.0.0.0",
            "timeouts": null
          },
          "sensitive_attributes": [],
          "private": "eyJlMmJmYjczMC1lY2FhLTExZTYtOGY4OC0zNDM2M2JjN2M0YzAiOnsiY3JlYXRlIjoxODAwMDAwMDAwMDAwLCJkZWxldGUiOjE4MDAwMDAwMDAwMDAsInJlYWQiOjMwMDAwMDAwMDAwMCwidXBkYXRlIjoxODAwMDAwMDAwMDAwfX0=",
          "dependencies": [
            "azurerm_mssql_server.mssqlserver",
            "azurerm_resource_group.arg",
            "random_integer.ri"
          ]
        }
      ]
    },
    {
      "mode": "managed",
      "type": "azurerm_mssql_server",
      "name": "mssqlserver",
      "provider": "provider[\"registry.terraform.io/hashicorp/azurerm\"]",
      "instances": [
        {
          "schema_version": 0,
          "attributes": {
            "administrator_login": "4dm1n157r470r",
            "administrator_login_password": "4-v3ry-53cr37-p455w0rd",
            "azuread_administrator": [],
            "connection_policy": "Default",
            "fully_qualified_domain_name": "taskboardmssqlserver-1.database.windows.net",
            "id": "/subscriptions/35608c6f-b658-452d-be80-131b03c3b89a/resourceGroups/TaskBoardApp-rg-1-45450/providers/Microsoft.Sql/servers/taskboardmssqlserver-1",
            "identity": [],
            "location": "northeurope",
            "minimum_tls_version": "1.2",
            "name": "taskboardmssqlserver-1",
            "outbound_network_restriction_enabled": false,
            "primary_user_assigned_identity_id": "",
            "public_network_access_enabled": true,
            "resource_group_name": "TaskBoardApp-rg-1-45450",
            "restorable_dropped_database_ids": [],
            "tags": null,
            "timeouts": null,
            "transparent_data_encryption_key_vault_key_id": "",
            "version": "12.0"
          },
          "sensitive_attributes": [
            [
              {
                "type": "get_attr",
                "value": "administrator_login_password"
              }
            ]
          ],
          "private": "eyJlMmJmYjczMC1lY2FhLTExZTYtOGY4OC0zNDM2M2JjN2M0YzAiOnsiY3JlYXRlIjozNjAwMDAwMDAwMDAwLCJkZWxldGUiOjM2MDAwMDAwMDAwMDAsInJlYWQiOjMwMDAwMDAwMDAwMCwidXBkYXRlIjozNjAwMDAwMDAwMDAwfX0=",
          "dependencies": [
            "azurerm_resource_group.arg",
            "random_integer.ri"
          ]
        }
      ]
    },
    {
      "mode": "managed",
      "type": "azurerm_resource_group",
      "name": "arg",
      "provider": "provider[\"registry.terraform.io/hashicorp/azurerm\"]",
      "instances": [
        {
          "schema_version": 0,
          "attributes": {
            "id": "/subscriptions/35608c6f-b658-452d-be80-131b03c3b89a/resourceGroups/TaskBoardApp-rg-1-45450",
            "location": "northeurope",
            "managed_by": "",
            "name": "TaskBoardApp-rg-1-45450",
            "tags": null,
            "timeouts": null
          },
          "sensitive_attributes": [],
          "private": "eyJlMmJmYjczMC1lY2FhLTExZTYtOGY4OC0zNDM2M2JjN2M0YzAiOnsiY3JlYXRlIjo1NDAwMDAwMDAwMDAwLCJkZWxldGUiOjU0MDAwMDAwMDAwMDAsInJlYWQiOjMwMDAwMDAwMDAwMCwidXBkYXRlIjo1NDAwMDAwMDAwMDAwfX0=",
          "dependencies": [
            "random_integer.ri"
          ]
        }
      ]
    },
    {
      "mode": "managed",
      "type": "azurerm_service_plan",
      "name": "aasp",
      "provider": "provider[\"registry.terraform.io/hashicorp/azurerm\"]",
      "instances": [
        {
          "schema_version": 1,
          "attributes": {
            "app_service_environment_id": "",
            "id": "/subscriptions/35608c6f-b658-452d-be80-131b03c3b89a/resourceGroups/TaskBoardApp-rg-1-45450/providers/Microsoft.Web/serverFarms/TaskBoardApp-sp-1-45450",
            "kind": "linux",
            "location": "northeurope",
            "maximum_elastic_worker_count": 1,
            "name": "TaskBoardApp-sp-1-45450",
            "os_type": "Linux",
            "per_site_scaling_enabled": false,
            "reserved": true,
            "resource_group_name": "TaskBoardApp-rg-1-45450",
            "sku_name": "F1",
            "tags": null,
            "timeouts": null,
            "worker_count": 1,
            "zone_balancing_enabled": false
          },
          "sensitive_attributes": [],
          "private": "eyJlMmJmYjczMC1lY2FhLTExZTYtOGY4OC0zNDM2M2JjN2M0YzAiOnsiY3JlYXRlIjozNjAwMDAwMDAwMDAwLCJkZWxldGUiOjM2MDAwMDAwMDAwMDAsInJlYWQiOjMwMDAwMDAwMDAwMCwidXBkYXRlIjozNjAwMDAwMDAwMDAwfSwic2NoZW1hX3ZlcnNpb24iOiIxIn0=",
          "dependencies": [
            "azurerm_resource_group.arg",
            "random_integer.ri"
          ]
        }
      ]
    },
    {
      "mode": "managed",
      "type": "random_integer",
      "name": "ri",
      "provider": "provider[\"registry.terraform.io/hashicorp/random\"]",
      "instances": [
        {
          "schema_version": 0,
          "attributes": {
            "id": "45450",
            "keepers": null,
            "max": 99999,
            "min": 10000,
            "result": 45450,
            "seed": null
          },
          "sensitive_attributes": []
        }
      ]
    }
  ],
  "check_results": null
}
